
Microsoft Visual Studio Solution File, Format Version 12.00
# Visual Studio Version 17
VisualStudioVersion = 17.4.33403.182
MinimumVisualStudioVersion = 10.0.40219.1
Project("{FAE04EC0-301F-11D3-BF4B-00C04F79EFBC}") = "MyBoards", "MyBoards\MyBoards.csproj", "{9624AF95-DC40-4904-B45D-484BF3D74DD0}"
EndProject
Global
	GlobalSection(SolutionConfigurationPlatforms) = preSolution
		Debug|Any CPU = Debug|Any CPU
		Release|Any CPU = Release|Any CPU
	EndGlobalSection
	GlobalSection(ProjectConfigurationPlatforms) = postSolution
		{9624AF95-DC40-4904-B45D-484BF3D74DD0}.Debug|Any CPU.ActiveCfg = Debug|Any CPU
		{9624AF95-DC40-4904-B45D-484BF3D74DD0}.Debug|Any CPU.Build.0 = Debug|Any CPU
		{9624AF95-DC40-4904-B45D-484BF3D74DD0}.Release|Any CPU.ActiveCfg = Release|Any CPU
		{9624AF95-DC40-4904-B45D-484BF3D74DD0}.Release|Any CPU.Build.0 = Release|Any CPU
	EndGlobalSection
	GlobalSection(SolutionProperties) = preSolution
		HideSolutionNode = FALSE
	EndGlobalSection
	GlobalSection(ExtensibilityGlobals) = postSolution
		SolutionGuid = {7A3A8B69-B543-4EA8-8A8E-D04DC643C059}
	EndGlobalSection
EndGlobal
